
Microsoft Visual Studio Solution File, Format Version 12.00
# Visual Studio Version 17
VisualStudioVersion = 17.5.002.0
MinimumVisualStudioVersion = 10.0.40219.1
Project("{2150E333-8FDC-42A3-9474-1A3956D46DE8}") = "Creational", "Creational", "{863A2C68-6C6D-41E7-A8F4-D31355A9F215}"
EndProject
Project("{9A19103F-16F7-4668-BE54-9A1E7A4F7556}") = "Abstract Factory", "Creational\Abstract Factory\Abstract Factory.csproj", "{DE17497C-5B58-4483-8741-85EF8E05DDBA}"
EndProject
Project("{9A19103F-16F7-4668-BE54-9A1E7A4F7556}") = "Prototype", "Creational\Prototype\Prototype.csproj", "{B50B0F74-89A2-4830-A9E1-D441B44ECF42}"
EndProject
Project("{9A19103F-16F7-4668-BE54-9A1E7A4F7556}") = "Factory Method", "Creational\Factory Method\Factory Method.csproj", "{B3C9F6D7-5739-4D50-AEA3-0E035DE0E0A9}"
EndProject
Project("{9A19103F-16F7-4668-BE54-9A1E7A4F7556}") = "Singleton", "Creational\Singleton\Singleton.csproj", "{3F74A49A-6A70-4D27-93EA-ED74695220BC}"
EndProject
Project("{9A19103F-16F7-4668-BE54-9A1E7A4F7556}") = "Builder", "Creational\Builder\Builder.csproj", "{1025D449-9067-49CF-88CC-055BB3D82056}"
EndProject
Project("{2150E333-8FDC-42A3-9474-1A3956D46DE8}") = "Behavioral", "Behavioral", "{AF0B85F3-9660-4516-9673-32C13DF8A995}"
EndProject
Project("{9A19103F-16F7-4668-BE54-9A1E7A4F7556}") = "Interpreter", "Behavioral\Interpreter\Interpreter.csproj", "{E2709269-5EE1-43C4-82B8-FFCF06E8DE1F}"
EndProject
Project("{9A19103F-16F7-4668-BE54-9A1E7A4F7556}") = "Template Method", "Behavioral\Template Method\Template Method.csproj", "{80647F38-9C93-43AC-9F74-14D7F0FB49E0}"
EndProject
Project("{9A19103F-16F7-4668-BE54-9A1E7A4F7556}") = "Chain of Responsibility", "Behavioral\Chain of Responsibility\Chain of Responsibility.csproj", "{FF732AAC-FB68-415C-B707-7BD72CF7C7B9}"
EndProject
Project("{9A19103F-16F7-4668-BE54-9A1E7A4F7556}") = "Observer", "Behavioral\Observer\Observer.csproj", "{08891F13-2B28-4CCB-8127-4D9AC41ED69E}"
EndProject
Project("{9A19103F-16F7-4668-BE54-9A1E7A4F7556}") = "Memento", "Behavioral\Memento\Memento.csproj", "{3F81FB77-0990-4EE0-B47C-FBAAD61290C3}"
EndProject
Project("{9A19103F-16F7-4668-BE54-9A1E7A4F7556}") = "State", "Behavioral\State\State.csproj", "{E89BB325-1566-4A82-92BB-8CF7BBD5E8BB}"
EndProject
Project("{9A19103F-16F7-4668-BE54-9A1E7A4F7556}") = "Iterator", "Behavioral\Iterator\Iterator.csproj", "{E9F98799-2A8D-4572-9DDD-CA1F4CF2E875}"
EndProject
Project("{9A19103F-16F7-4668-BE54-9A1E7A4F7556}") = "Visitor", "Behavioral\Visitor\Visitor.csproj", "{9FAD44EE-1D63-402A-9841-79B329B0F8A6}"
EndProject
Project("{9A19103F-16F7-4668-BE54-9A1E7A4F7556}") = "Command", "Behavioral\Command\Command.csproj", "{7AC96D8F-53A2-4567-9495-865743B4B2AC}"
EndProject
Project("{9A19103F-16F7-4668-BE54-9A1E7A4F7556}") = "Mediator", "Behavioral\Mediator\Mediator.csproj", "{B10A9F76-2B24-4588-AD75-B4AAA6CB6EB1}"
EndProject
Project("{9A19103F-16F7-4668-BE54-9A1E7A4F7556}") = "Strategy", "Behavioral\Strategy\Strategy.csproj", "{A3881129-77D4-4EE6-9BA1-0058DFB188CC}"
EndProject
Project("{2150E333-8FDC-42A3-9474-1A3956D46DE8}") = "Structural", "Structural", "{6E31C3A5-648C-4B4F-B3F0-9B46D6906443}"
EndProject
Project("{9A19103F-16F7-4668-BE54-9A1E7A4F7556}") = "Proxy", "Structural\Proxy\Proxy.csproj", "{333B4C2C-97F9-4D44-B814-9C0A7B1BDAF8}"
EndProject
Project("{9A19103F-16F7-4668-BE54-9A1E7A4F7556}") = "Decorator", "Structural\Decorator\Decorator.csproj", "{C5548C1C-488B-4348-98B1-9B2965A90334}"
EndProject
Project("{9A19103F-16F7-4668-BE54-9A1E7A4F7556}") = "Bridge", "Structural\Bridge\Bridge.csproj", "{7420B156-69C6-4011-8531-AB1667B1B7CE}"
EndProject
Project("{9A19103F-16F7-4668-BE54-9A1E7A4F7556}") = "Facade", "Structural\Facade\Facade.csproj", "{1F843397-BED6-4A24-9263-85A68F9AEDFE}"
EndProject
Project("{9A19103F-16F7-4668-BE54-9A1E7A4F7556}") = "Adapter", "Structural\Adapter\Adapter.csproj", "{F5D649FE-18D9-4A41-9FC2-2CF6BA301AA4}"
EndProject
Project("{9A19103F-16F7-4668-BE54-9A1E7A4F7556}") = "Composite", "Structural\Composite\Composite.csproj", "{E3A3A46D-CD57-4431-8638-7763563F93D5}"
EndProject
Project("{9A19103F-16F7-4668-BE54-9A1E7A4F7556}") = "Flyweight", "Structural\Flyweight\Flyweight.csproj", "{0CCB2C72-77AA-4272-AD7E-8949E615DF35}"
EndProject
Global
	GlobalSection(SolutionConfigurationPlatforms) = preSolution
		Debug|Any CPU = Debug|Any CPU
		Release|Any CPU = Release|Any CPU
	EndGlobalSection
	GlobalSection(ProjectConfigurationPlatforms) = postSolution
		{DE17497C-5B58-4483-8741-85EF8E05DDBA}.Debug|Any CPU.ActiveCfg = Debug|Any CPU
		{DE17497C-5B58-4483-8741-85EF8E05DDBA}.Debug|Any CPU.Build.0 = Debug|Any CPU
		{DE17497C-5B58-4483-8741-85EF8E05DDBA}.Release|Any CPU.ActiveCfg = Release|Any CPU
		{DE17497C-5B58-4483-8741-85EF8E05DDBA}.Release|Any CPU.Build.0 = Release|Any CPU
		{B50B0F74-89A2-4830-A9E1-D441B44ECF42}.Debug|Any CPU.ActiveCfg = Debug|Any CPU
		{B50B0F74-89A2-4830-A9E1-D441B44ECF42}.Debug|Any CPU.Build.0 = Debug|Any CPU
		{B50B0F74-89A2-4830-A9E1-D441B44ECF42}.Release|Any CPU.ActiveCfg = Release|Any CPU
		{B50B0F74-89A2-4830-A9E1-D441B44ECF42}.Release|Any CPU.Build.0 = Release|Any CPU
		{B3C9F6D7-5739-4D50-AEA3-0E035DE0E0A9}.Debug|Any CPU.ActiveCfg = Debug|Any CPU
		{B3C9F6D7-5739-4D50-AEA3-0E035DE0E0A9}.Debug|Any CPU.Build.0 = Debug|Any CPU
		{B3C9F6D7-5739-4D50-AEA3-0E035DE0E0A9}.Release|Any CPU.ActiveCfg = Release|Any CPU
		{B3C9F6D7-5739-4D50-AEA3-0E035DE0E0A9}.Release|Any CPU.Build.0 = Release|Any CPU
		{3F74A49A-6A70-4D27-93EA-ED74695220BC}.Debug|Any CPU.ActiveCfg = Debug|Any CPU
		{3F74A49A-6A70-4D27-93EA-ED74695220BC}.Debug|Any CPU.Build.0 = Debug|Any CPU
		{3F74A49A-6A70-4D27-93EA-ED74695220BC}.Release|Any CPU.ActiveCfg = Release|Any CPU
		{3F74A49A-6A70-4D27-93EA-ED74695220BC}.Release|Any CPU.Build.0 = Release|Any CPU
		{1025D449-9067-49CF-88CC-055BB3D82056}.Debug|Any CPU.ActiveCfg = Debug|Any CPU
		{1025D449-9067-49CF-88CC-055BB3D82056}.Debug|Any CPU.Build.0 = Debug|Any CPU
		{1025D449-9067-49CF-88CC-055BB3D82056}.Release|Any CPU.ActiveCfg = Release|Any CPU
		{1025D449-9067-49CF-88CC-055BB3D82056}.Release|Any CPU.Build.0 = Release|Any CPU
		{E2709269-5EE1-43C4-82B8-FFCF06E8DE1F}.Debug|Any CPU.ActiveCfg = Debug|Any CPU
		{E2709269-5EE1-43C4-82B8-FFCF06E8DE1F}.Debug|Any CPU.Build.0 = Debug|Any CPU
		{E2709269-5EE1-43C4-82B8-FFCF06E8DE1F}.Release|Any CPU.ActiveCfg = Release|Any CPU
		{E2709269-5EE1-43C4-82B8-FFCF06E8DE1F}.Release|Any CPU.Build.0 = Release|Any CPU
		{80647F38-9C93-43AC-9F74-14D7F0FB49E0}.Debug|Any CPU.ActiveCfg = Debug|Any CPU
		{80647F38-9C93-43AC-9F74-14D7F0FB49E0}.Debug|Any CPU.Build.0 = Debug|Any CPU
		{80647F38-9C93-43AC-9F74-14D7F0FB49E0}.Release|Any CPU.ActiveCfg = Release|Any CPU
		{80647F38-9C93-43AC-9F74-14D7F0FB49E0}.Release|Any CPU.Build.0 = Release|Any CPU
		{FF732AAC-FB68-415C-B707-7BD72CF7C7B9}.Debug|Any CPU.ActiveCfg = Debug|Any CPU
		{FF732AAC-FB68-415C-B707-7BD72CF7C7B9}.Debug|Any CPU.Build.0 = Debug|Any CPU
		{FF732AAC-FB68-415C-B707-7BD72CF7C7B9}.Release|Any CPU.ActiveCfg = Release|Any CPU
		{FF732AAC-FB68-415C-B707-7BD72CF7C7B9}.Release|Any CPU.Build.0 = Release|Any CPU
		{08891F13-2B28-4CCB-8127-4D9AC41ED69E}.Debug|Any CPU.ActiveCfg = Debug|Any CPU
		{08891F13-2B28-4CCB-8127-4D9AC41ED69E}.Debug|Any CPU.Build.0 = Debug|Any CPU
		{08891F13-2B28-4CCB-8127-4D9AC41ED69E}.Release|Any CPU.ActiveCfg = Release|Any CPU
		{08891F13-2B28-4CCB-8127-4D9AC41ED69E}.Release|Any CPU.Build.0 = Release|Any CPU
		{3F81FB77-0990-4EE0-B47C-FBAAD61290C3}.Debug|Any CPU.ActiveCfg = Debug|Any CPU
		{3F81FB77-0990-4EE0-B47C-FBAAD61290C3}.Debug|Any CPU.Build.0 = Debug|Any CPU
		{3F81FB77-0990-4EE0-B47C-FBAAD61290C3}.Release|Any CPU.ActiveCfg = Release|Any CPU
		{3F81FB77-0990-4EE0-B47C-FBAAD61290C3}.Release|Any CPU.Build.0 = Release|Any CPU
		{E89BB325-1566-4A82-92BB-8CF7BBD5E8BB}.Debug|Any CPU.ActiveCfg = Debug|Any CPU
		{E89BB325-1566-4A82-92BB-8CF7BBD5E8BB}.Debug|Any CPU.Build.0 = Debug|Any CPU
		{E89BB325-1566-4A82-92BB-8CF7BBD5E8BB}.Release|Any CPU.ActiveCfg = Release|Any CPU
		{E89BB325-1566-4A82-92BB-8CF7BBD5E8BB}.Release|Any CPU.Build.0 = Release|Any CPU
		{E9F98799-2A8D-4572-9DDD-CA1F4CF2E875}.Debug|Any CPU.ActiveCfg = Debug|Any CPU
		{E9F98799-2A8D-4572-9DDD-CA1F4CF2E875}.Debug|Any CPU.Build.0 = Debug|Any CPU
		{E9F98799-2A8D-4572-9DDD-CA1F4CF2E875}.Release|Any CPU.ActiveCfg = Release|Any CPU
		{E9F98799-2A8D-4572-9DDD-CA1F4CF2E875}.Release|Any CPU.Build.0 = Release|Any CPU
		{9FAD44EE-1D63-402A-9841-79B329B0F8A6}.Debug|Any CPU.ActiveCfg = Debug|Any CPU
		{9FAD44EE-1D63-402A-9841-79B329B0F8A6}.Debug|Any CPU.Build.0 = Debug|Any CPU
		{9FAD44EE-1D63-402A-9841-79B329B0F8A6}.Release|Any CPU.ActiveCfg = Release|Any CPU
		{9FAD44EE-1D63-402A-9841-79B329B0F8A6}.Release|Any CPU.Build.0 = Release|Any CPU
		{7AC96D8F-53A2-4567-9495-865743B4B2AC}.Debug|Any CPU.ActiveCfg = Debug|Any CPU
		{7AC96D8F-53A2-4567-9495-865743B4B2AC}.Debug|Any CPU.Build.0 = Debug|Any CPU
		{7AC96D8F-53A2-4567-9495-865743B4B2AC}.Release|Any CPU.ActiveCfg = Release|Any CPU
		{7AC96D8F-53A2-4567-9495-865743B4B2AC}.Release|Any CPU.Build.0 = Release|Any CPU
		{B10A9F76-2B24-4588-AD75-B4AAA6CB6EB1}.Debug|Any CPU.ActiveCfg = Debug|Any CPU
		{B10A9F76-2B24-4588-AD75-B4AAA6CB6EB1}.Debug|Any CPU.Build.0 = Debug|Any CPU
		{B10A9F76-2B24-4588-AD75-B4AAA6CB6EB1}.Release|Any CPU.ActiveCfg = Release|Any CPU
		{B10A9F76-2B24-4588-AD75-B4AAA6CB6EB1}.Release|Any CPU.Build.0 = Release|Any CPU
		{A3881129-77D4-4EE6-9BA1-0058DFB188CC}.Debug|Any CPU.ActiveCfg = Debug|Any CPU
		{A3881129-77D4-4EE6-9BA1-0058DFB188CC}.Debug|Any CPU.Build.0 = Debug|Any CPU
		{A3881129-77D4-4EE6-9BA1-0058DFB188CC}.Release|Any CPU.ActiveCfg = Release|Any CPU
		{A3881129-77D4-4EE6-9BA1-0058DFB188CC}.Release|Any CPU.Build.0 = Release|Any CPU
		{333B4C2C-97F9-4D44-B814-9C0A7B1BDAF8}.Debug|Any CPU.ActiveCfg = Debug|Any CPU
		{333B4C2C-97F9-4D44-B814-9C0A7B1BDAF8}.Debug|Any CPU.Build.0 = Debug|Any CPU
		{333B4C2C-97F9-4D44-B814-9C0A7B1BDAF8}.Release|Any CPU.ActiveCfg = Release|Any CPU
		{333B4C2C-97F9-4D44-B814-9C0A7B1BDAF8}.Release|Any CPU.Build.0 = Release|Any CPU
		{C5548C1C-488B-4348-98B1-9B2965A90334}.Debug|Any CPU.ActiveCfg = Debug|Any CPU
		{C5548C1C-488B-4348-98B1-9B2965A90334}.Debug|Any CPU.Build.0 = Debug|Any CPU
		{C5548C1C-488B-4348-98B1-9B2965A90334}.Release|Any CPU.ActiveCfg = Release|Any CPU
		{C5548C1C-488B-4348-98B1-9B2965A90334}.Release|Any CPU.Build.0 = Release|Any CPU
		{7420B156-69C6-4011-8531-AB1667B1B7CE}.Debug|Any CPU.ActiveCfg = Debug|Any CPU
		{7420B156-69C6-4011-8531-AB1667B1B7CE}.Debug|Any CPU.Build.0 = Debug|Any CPU
		{7420B156-69C6-4011-8531-AB1667B1B7CE}.Release|Any CPU.ActiveCfg = Release|Any CPU
		{7420B156-69C6-4011-8531-AB1667B1B7CE}.Release|Any CPU.Build.0 = Release|Any CPU
		{1F843397-BED6-4A24-9263-85A68F9AEDFE}.Debug|Any CPU.ActiveCfg = Debug|Any CPU
		{1F843397-BED6-4A24-9263-85A68F9AEDFE}.Debug|Any CPU.Build.0 = Debug|Any CPU
		{1F843397-BED6-4A24-9263-85A68F9AEDFE}.Release|Any CPU.ActiveCfg = Release|Any CPU
		{1F843397-BED6-4A24-9263-85A68F9AEDFE}.Release|Any CPU.Build.0 = Release|Any CPU
		{F5D649FE-18D9-4A41-9FC2-2CF6BA301AA4}.Debug|Any CPU.ActiveCfg = Debug|Any CPU
		{F5D649FE-18D9-4A41-9FC2-2CF6BA301AA4}.Debug|Any CPU.Build.0 = Debug|Any CPU
		{F5D649FE-18D9-4A41-9FC2-2CF6BA301AA4}.Release|Any CPU.ActiveCfg = Release|Any CPU
		{F5D649FE-18D9-4A41-9FC2-2CF6BA301AA4}.Release|Any CPU.Build.0 = Release|Any CPU
		{E3A3A46D-CD57-4431-8638-7763563F93D5}.Debug|Any CPU.ActiveCfg = Debug|Any CPU
		{E3A3A46D-CD57-4431-8638-7763563F93D5}.Debug|Any CPU.Build.0 = Debug|Any CPU
		{E3A3A46D-CD57-4431-8638-7763563F93D5}.Release|Any CPU.ActiveCfg = Release|Any CPU
		{E3A3A46D-CD57-4431-8638-7763563F93D5}.Release|Any CPU.Build.0 = Release|Any CPU
		{0CCB2C72-77AA-4272-AD7E-8949E615DF35}.Debug|Any CPU.ActiveCfg = Debug|Any CPU
		{0CCB2C72-77AA-4272-AD7E-8949E615DF35}.Debug|Any CPU.Build.0 = Debug|Any CPU
		{0CCB2C72-77AA-4272-AD7E-8949E615DF35}.Release|Any CPU.ActiveCfg = Release|Any CPU
		{0CCB2C72-77AA-4272-AD7E-8949E615DF35}.Release|Any CPU.Build.0 = Release|Any CPU
	EndGlobalSection
	GlobalSection(SolutionProperties) = preSolution
		HideSolutionNode = FALSE
	EndGlobalSection
	GlobalSection(NestedProjects) = preSolution
		{DE17497C-5B58-4483-8741-85EF8E05DDBA} = {863A2C68-6C6D-41E7-A8F4-D31355A9F215}
		{B50B0F74-89A2-4830-A9E1-D441B44ECF42} = {863A2C68-6C6D-41E7-A8F4-D31355A9F215}
		{B3C9F6D7-5739-4D50-AEA3-0E035DE0E0A9} = {863A2C68-6C6D-41E7-A8F4-D31355A9F215}
		{3F74A49A-6A70-4D27-93EA-ED74695220BC} = {863A2C68-6C6D-41E7-A8F4-D31355A9F215}
		{1025D449-9067-49CF-88CC-055BB3D82056} = {863A2C68-6C6D-41E7-A8F4-D31355A9F215}
		{E2709269-5EE1-43C4-82B8-FFCF06E8DE1F} = {AF0B85F3-9660-4516-9673-32C13DF8A995}
		{80647F38-9C93-43AC-9F74-14D7F0FB49E0} = {AF0B85F3-9660-4516-9673-32C13DF8A995}
		{FF732AAC-FB68-415C-B707-7BD72CF7C7B9} = {AF0B85F3-9660-4516-9673-32C13DF8A995}
		{08891F13-2B28-4CCB-8127-4D9AC41ED69E} = {AF0B85F3-9660-4516-9673-32C13DF8A995}
		{3F81FB77-0990-4EE0-B47C-FBAAD61290C3} = {AF0B85F3-9660-4516-9673-32C13DF8A995}
		{E89BB325-1566-4A82-92BB-8CF7BBD5E8BB} = {AF0B85F3-9660-4516-9673-32C13DF8A995}
		{E9F98799-2A8D-4572-9DDD-CA1F4CF2E875} = {AF0B85F3-9660-4516-9673-32C13DF8A995}
		{9FAD44EE-1D63-402A-9841-79B329B0F8A6} = {AF0B85F3-9660-4516-9673-32C13DF8A995}
		{7AC96D8F-53A2-4567-9495-865743B4B2AC} = {AF0B85F3-9660-4516-9673-32C13DF8A995}
		{B10A9F76-2B24-4588-AD75-B4AAA6CB6EB1} = {AF0B85F3-9660-4516-9673-32C13DF8A995}
		{A3881129-77D4-4EE6-9BA1-0058DFB188CC} = {AF0B85F3-9660-4516-9673-32C13DF8A995}
		{333B4C2C-97F9-4D44-B814-9C0A7B1BDAF8} = {6E31C3A5-648C-4B4F-B3F0-9B46D6906443}
		{C5548C1C-488B-4348-98B1-9B2965A90334} = {6E31C3A5-648C-4B4F-B3F0-9B46D6906443}
		{7420B156-69C6-4011-8531-AB1667B1B7CE} = {6E31C3A5-648C-4B4F-B3F0-9B46D6906443}
		{1F843397-BED6-4A24-9263-85A68F9AEDFE} = {6E31C3A5-648C-4B4F-B3F0-9B46D6906443}
		{F5D649FE-18D9-4A41-9FC2-2CF6BA301AA4} = {6E31C3A5-648C-4B4F-B3F0-9B46D6906443}
		{E3A3A46D-CD57-4431-8638-7763563F93D5} = {6E31C3A5-648C-4B4F-B3F0-9B46D6906443}
		{0CCB2C72-77AA-4272-AD7E-8949E615DF35} = {6E31C3A5-648C-4B4F-B3F0-9B46D6906443}
	EndGlobalSection
	GlobalSection(ExtensibilityGlobals) = postSolution
		SolutionGuid = {17565868-690D-4C18-A28E-ACBE77018AC9}
	EndGlobalSection
EndGlobal
